
Microsoft Visual Studio Solution File, Format Version 12.00
# Visual Studio Version 17
VisualStudioVersion = 17.0.32014.148
MinimumVisualStudioVersion = 10.0.40219.1
Project("{2150E333-8FDC-42A3-9474-1A3956D46DE8}") = ".root", ".root", "{9C3801EC-4581-490F-B188-0DA78F22F7CE}"
	ProjectSection(SolutionItems) = preProject
		Directory.Build.props = Directory.Build.props
	EndProjectSection
EndProject
Project("{9A19103F-16F7-4668-BE54-9A1E7A4F7556}") = "AForge", "AForge\AForge.csproj", "{63219DBF-98DD-4110-9137-691176F9A32C}"
EndProject
Project("{9A19103F-16F7-4668-BE54-9A1E7A4F7556}") = "AForge.Video", "AForge.Video\AForge.Video.csproj", "{7D4239D8-9552-45EC-8F0A-97120018AB33}"
EndProject
Project("{9A19103F-16F7-4668-BE54-9A1E7A4F7556}") = "AForge.Video.DirectShow", "AForge.Video.DirectShow\AForge.Video.DirectShow.csproj", "{2D2C873E-C77F-49AA-AC0C-141EBDE74216}"
EndProject
Global
	GlobalSection(SolutionConfigurationPlatforms) = preSolution
		Debug|Any CPU = Debug|Any CPU
		Release|Any CPU = Release|Any CPU
	EndGlobalSection
	GlobalSection(ProjectConfigurationPlatforms) = postSolution
		{63219DBF-98DD-4110-9137-691176F9A32C}.Debug|Any CPU.ActiveCfg = Debug|Any CPU
		{63219DBF-98DD-4110-9137-691176F9A32C}.Debug|Any CPU.Build.0 = Debug|Any CPU
		{63219DBF-98DD-4110-9137-691176F9A32C}.Release|Any CPU.ActiveCfg = Release|Any CPU
		{63219DBF-98DD-4110-9137-691176F9A32C}.Release|Any CPU.Build.0 = Release|Any CPU
		{7D4239D8-9552-45EC-8F0A-97120018AB33}.Debug|Any CPU.ActiveCfg = Debug|Any CPU
		{7D4239D8-9552-45EC-8F0A-97120018AB33}.Debug|Any CPU.Build.0 = Debug|Any CPU
		{7D4239D8-9552-45EC-8F0A-97120018AB33}.Release|Any CPU.ActiveCfg = Release|Any CPU
		{7D4239D8-9552-45EC-8F0A-97120018AB33}.Release|Any CPU.Build.0 = Release|Any CPU
		{2D2C873E-C77F-49AA-AC0C-141EBDE74216}.Debug|Any CPU.ActiveCfg = Debug|Any CPU
		{2D2C873E-C77F-49AA-AC0C-141EBDE74216}.Debug|Any CPU.Build.0 = Debug|Any CPU
		{2D2C873E-C77F-49AA-AC0C-141EBDE74216}.Release|Any CPU.ActiveCfg = Release|Any CPU
		{2D2C873E-C77F-49AA-AC0C-141EBDE74216}.Release|Any CPU.Build.0 = Release|Any CPU
	EndGlobalSection
	GlobalSection(SolutionProperties) = preSolution
		HideSolutionNode = FALSE
	EndGlobalSection
	GlobalSection(ExtensibilityGlobals) = postSolution
		SolutionGuid = {A0B74E1A-9954-4E06-8FB9-D0F722C84A4C}
	EndGlobalSection
EndGlobal
